
Microsoft Visual Studio Solution File, Format Version 12.00
# Visual Studio Version 17
VisualStudioVersion = 17.6.33829.357
MinimumVisualStudioVersion = 10.0.40219.1
Project("{FAE04EC0-301F-11D3-BF4B-00C04F79EFBC}") = "pitko class", "pitko class.csproj", "{10C86E1A-0A63-4111-8B16-89B2318012E4}"
EndProject
Global
	GlobalSection(SolutionConfigurationPlatforms) = preSolution
		Debug|Any CPU = Debug|Any CPU
		Release|Any CPU = Release|Any CPU
	EndGlobalSection
	GlobalSection(ProjectConfigurationPlatforms) = postSolution
		{10C86E1A-0A63-4111-8B16-89B2318012E4}.Debug|Any CPU.ActiveCfg = Debug|Any CPU
		{10C86E1A-0A63-4111-8B16-89B2318012E4}.Debug|Any CPU.Build.0 = Debug|Any CPU
		{10C86E1A-0A63-4111-8B16-89B2318012E4}.Release|Any CPU.ActiveCfg = Release|Any CPU
		{10C86E1A-0A63-4111-8B16-89B2318012E4}.Release|Any CPU.Build.0 = Release|Any CPU
	EndGlobalSection
	GlobalSection(SolutionProperties) = preSolution
		HideSolutionNode = FALSE
	EndGlobalSection
	GlobalSection(ExtensibilityGlobals) = postSolution
		SolutionGuid = {81AD901A-938C-4DC9-B157-CD0695DD7F74}
	EndGlobalSection
EndGlobal
