
Microsoft Visual Studio Solution File, Format Version 12.00
# Visual Studio Version 17
VisualStudioVersion = 17.9.34701.34
MinimumVisualStudioVersion = 10.0.40219.1
Project("{FAE04EC0-301F-11D3-BF4B-00C04F79EFBC}") = "du pitko hra", "du pitko hra.csproj", "{39E1666E-0D77-4B2F-839C-EB389511CF00}"
EndProject
Global
	GlobalSection(SolutionConfigurationPlatforms) = preSolution
		Debug|Any CPU = Debug|Any CPU
		Release|Any CPU = Release|Any CPU
	EndGlobalSection
	GlobalSection(ProjectConfigurationPlatforms) = postSolution
		{39E1666E-0D77-4B2F-839C-EB389511CF00}.Debug|Any CPU.ActiveCfg = Debug|Any CPU
		{39E1666E-0D77-4B2F-839C-EB389511CF00}.Debug|Any CPU.Build.0 = Debug|Any CPU
		{39E1666E-0D77-4B2F-839C-EB389511CF00}.Release|Any CPU.ActiveCfg = Release|Any CPU
		{39E1666E-0D77-4B2F-839C-EB389511CF00}.Release|Any CPU.Build.0 = Release|Any CPU
	EndGlobalSection
	GlobalSection(SolutionProperties) = preSolution
		HideSolutionNode = FALSE
	EndGlobalSection
	GlobalSection(ExtensibilityGlobals) = postSolution
		SolutionGuid = {9FEEB31C-FFF1-4B05-A502-6F8F0912C993}
	EndGlobalSection
EndGlobal
