
Microsoft Visual Studio Solution File, Format Version 12.00
# Visual Studio Version 17
VisualStudioVersion = 17.9.34701.34
MinimumVisualStudioVersion = 10.0.40219.1
Project("{FAE04EC0-301F-11D3-BF4B-00C04F79EFBC}") = "EvidenciaOpravVozidiel", "EvidenciaOpravVozidiel.csproj", "{033633BB-F2FD-4EE3-B7A4-D793AD97CAFE}"
EndProject
Global
	GlobalSection(SolutionConfigurationPlatforms) = preSolution
		Debug|Any CPU = Debug|Any CPU
		Release|Any CPU = Release|Any CPU
	EndGlobalSection
	GlobalSection(ProjectConfigurationPlatforms) = postSolution
		{033633BB-F2FD-4EE3-B7A4-D793AD97CAFE}.Debug|Any CPU.ActiveCfg = Debug|Any CPU
		{033633BB-F2FD-4EE3-B7A4-D793AD97CAFE}.Debug|Any CPU.Build.0 = Debug|Any CPU
		{033633BB-F2FD-4EE3-B7A4-D793AD97CAFE}.Release|Any CPU.ActiveCfg = Release|Any CPU
		{033633BB-F2FD-4EE3-B7A4-D793AD97CAFE}.Release|Any CPU.Build.0 = Release|Any CPU
	EndGlobalSection
	GlobalSection(SolutionProperties) = preSolution
		HideSolutionNode = FALSE
	EndGlobalSection
	GlobalSection(ExtensibilityGlobals) = postSolution
		SolutionGuid = {559B67B0-184D-4B29-B9FF-1DB5E39846BA}
	EndGlobalSection
EndGlobal
